
Microsoft Visual Studio Solution File, Format Version 12.00
# Visual Studio Version 16
VisualStudioVersion = 16.0.29709.97
MinimumVisualStudioVersion = 10.0.40219.1
Project("{8BC9CEB8-8B4A-11D0-8D11-00A0C91BC942}") = "Homework07", "Homework07.vcxproj", "{EF7B0510-A1BB-4729-A72B-5CF2080DB11A}"
EndProject
Global
	GlobalSection(SolutionConfigurationPlatforms) = preSolution
		Debug|x64 = Debug|x64
		Debug|x86 = Debug|x86
		Release|x64 = Release|x64
		Release|x86 = Release|x86
	EndGlobalSection
	GlobalSection(ProjectConfigurationPlatforms) = postSolution
		{EF7B0510-A1BB-4729-A72B-5CF2080DB11A}.Debug|x64.ActiveCfg = Debug|x64
		{EF7B0510-A1BB-4729-A72B-5CF2080DB11A}.Debug|x64.Build.0 = Debug|x64
		{EF7B0510-A1BB-4729-A72B-5CF2080DB11A}.Debug|x86.ActiveCfg = Debug|Win32
		{EF7B0510-A1BB-4729-A72B-5CF2080DB11A}.Debug|x86.Build.0 = Debug|Win32
		{EF7B0510-A1BB-4729-A72B-5CF2080DB11A}.Release|x64.ActiveCfg = Release|x64
		{EF7B0510-A1BB-4729-A72B-5CF2080DB11A}.Release|x64.Build.0 = Release|x64
		{EF7B0510-A1BB-4729-A72B-5CF2080DB11A}.Release|x86.ActiveCfg = Release|Win32
		{EF7B0510-A1BB-4729-A72B-5CF2080DB11A}.Release|x86.Build.0 = Release|Win32
	EndGlobalSection
	GlobalSection(SolutionProperties) = preSolution
		HideSolutionNode = FALSE
	EndGlobalSection
	GlobalSection(ExtensibilityGlobals) = postSolution
		SolutionGuid = {8540EA78-2B45-4B1D-B909-9DEE99FF0134}
	EndGlobalSection
EndGlobal
